<?xml version="1.0" encoding="utf-8"?>
<Project ToolsVersion="4.0" xmlns="http://schemas.microsoft.com/developer/msbuild/2003">
  <ItemGroup>
    <Filter Include="Resource Files">
      <UniqueIdentifier>{67DA6AB6-F800-4c08-8B7A-83BB121AAD01}</UniqueIdentifier>
      <Extensions>rc;ico;cur;bmp;dlg;rc2;rct;bin;rgs;gif;jpg;jpeg;jpe;resx;tiff;tif;png;wav;mfcribbon-ms</Extensions>
    </Filter>
    <Filter Include="Templates">
      <UniqueIdentifier>{e966654f-a425-4f5a-b60c-08e705ae1962}</UniqueIdentifier>
    </Filter>
    <Filter Include="Solutions">
      <UniqueIdentifier>{93995380-89BD-4b04-88EB-625FBE52EBFB}</UniqueIdentifier>
      <Extensions>
      </Extensions>
    </Filter>
    <Filter Include="Helpers">
      <UniqueIdentifier>{4FC737F1-C7A5-4376-A066-2A32D752A2FF}</UniqueIdentifier>
      <Extensions>
      </Extensions>
    </Filter>
    <Filter Include="GoogleCodeJam">
      <UniqueIdentifier>{14101eef-261e-45dd-b922-cceba5db5677}</UniqueIdentifier>
    </Filter>
    <Filter Include="Algs">
      <UniqueIdentifier>{ae67b1fb-86e3-418a-af54-a062909d582b}</UniqueIdentifier>
    </Filter>
  </ItemGroup>
  <ItemGroup>
    <ClCompile Include="Runner.cpp">
      <Filter>Helpers</Filter>
    </ClCompile>
  </ItemGroup>
  <ItemGroup>
    <ClInclude Include="MoveZeroes.h">
      <Filter>Solutions</Filter>
    </ClInclude>
    <ClInclude Include="RotateArray.h">
      <Filter>Solutions</Filter>
    </ClInclude>
    <ClInclude Include="SortedSquares.h">
      <Filter>Solutions</Filter>
    </ClInclude>
    <ClInclude Include="TwoSum2.h">
      <Filter>Solutions</Filter>
    </ClInclude>
    <ClInclude Include="ReverseString.h">
      <Filter>Solutions</Filter>
    </ClInclude>
    <ClInclude Include="ReverseString3.h">
      <Filter>Solutions</Filter>
    </ClInclude>
    <ClInclude Include="MiddleOfTheLinkedList.h">
      <Filter>Solutions</Filter>
    </ClInclude>
    <ClInclude Include="RemoveNthFromEnd.h">
      <Filter>Solutions</Filter>
    </ClInclude>
    <ClInclude Include="LengthOfLongestSubstring.h">
      <Filter>Solutions</Filter>
    </ClInclude>
    <ClInclude Include="PermutationInString.h">
      <Filter>Solutions</Filter>
    </ClInclude>
    <ClInclude Include="FloodFill.h">
      <Filter>Solutions</Filter>
    </ClInclude>
    <ClInclude Include="MaxAreaOfIsland.h">
      <Filter>Solutions</Filter>
    </ClInclude>
    <ClInclude Include="MergeTwoBinaryTrees.h">
      <Filter>Solutions</Filter>
    </ClInclude>
    <ClInclude Include="BuildArrayFromPermutation.h">
      <Filter>Solutions</Filter>
    </ClInclude>
    <ClInclude Include="RichestCustomerWealth.h">
      <Filter>Solutions</Filter>
    </ClInclude>
    <ClInclude Include="PopulatingNextRightPointersInEachNode.h">
      <Filter>Solutions</Filter>
    </ClInclude>
    <ClInclude Include="Matrix01.h">
      <Filter>Solutions</Filter>
    </ClInclude>
    <ClInclude Include="MaximumDepthOfBinaryTree.h">
      <Filter>Solutions</Filter>
    </ClInclude>
    <ClInclude Include="RottingOranges.h">
      <Filter>Solutions</Filter>
    </ClInclude>
    <ClInclude Include="MergeTwoSortedLists.h">
      <Filter>Solutions</Filter>
    </ClInclude>
    <ClInclude Include="ReverseLinkedList.h">
      <Filter>Solutions</Filter>
    </ClInclude>
    <ClInclude Include="Combinations.h">
      <Filter>Solutions</Filter>
    </ClInclude>
    <ClInclude Include="FinalValueOfVariableAfterPerformingOperations.h">
      <Filter>Solutions</Filter>
    </ClInclude>
    <ClInclude Include="NumberOfGoodPairs.h">
      <Filter>Solutions</Filter>
    </ClInclude>
    <ClInclude Include="ShuffleTheArray.h">
      <Filter>Solutions</Filter>
    </ClInclude>
    <ClInclude Include="stdc++.h">
      <Filter>Helpers</Filter>
    </ClInclude>
    <ClInclude Include="Runner.h">
      <Filter>Helpers</Filter>
    </ClInclude>
    <ClInclude Include="Printer.h">
      <Filter>Helpers</Filter>
    </ClInclude>
    <ClInclude Include="Header.h">
      <Filter>Templates</Filter>
    </ClInclude>
    <ClInclude Include="MaximumNumberOfWordsFoundInSentences.h">
      <Filter>Solutions</Filter>
    </ClInclude>
    <ClInclude Include="PartitioningIntoMinimumNumberOfDeciBinaryNumbers.h">
      <Filter>Solutions</Filter>
    </ClInclude>
    <ClInclude Include="QueriesOnNumberOfPointsInsideACircle.h">
      <Filter>Solutions</Filter>
    </ClInclude>
    <ClInclude Include="DesignParkingSystem.h">
      <Filter>Solutions</Filter>
    </ClInclude>
    <ClInclude Include="JewelsAndStones.h">
      <Filter>Solutions</Filter>
    </ClInclude>
    <ClInclude Include="DecodeXoredArray.h">
      <Filter>Solutions</Filter>
    </ClInclude>
    <ClInclude Include="GoalParserInterpretation.h">
      <Filter>Solutions</Filter>
    </ClInclude>
    <ClInclude Include="HowManyNumbersAreSmallerThanTheCurrentNumber.h">
      <Filter>Solutions</Filter>
    </ClInclude>
    <ClInclude Include="ShuffleString.h">
      <Filter>Solutions</Filter>
    </ClInclude>
    <ClInclude Include="SubtractTheProductAndSumOfDigitsOfAnInteger.h">
      <Filter>Solutions</Filter>
    </ClInclude>
    <ClInclude Include="SortingTheSentence.h">
      <Filter>Solutions</Filter>
    </ClInclude>
    <ClInclude Include="ContainsDuplicate.h">
      <Filter>Solutions</Filter>
    </ClInclude>
    <ClInclude Include="CountingBits.h">
      <Filter>Solutions</Filter>
    </ClInclude>
    <ClInclude Include="CountItemsMatchingARule.h">
      <Filter>Solutions</Filter>
    </ClInclude>
    <ClInclude Include="FindTargetIndicesAfterSortingArray.h">
      <Filter>Solutions</Filter>
    </ClInclude>
    <ClInclude Include="RansomNote.h">
      <Filter>Solutions</Filter>
    </ClInclude>
    <ClInclude Include="Sorter.h">
      <Filter>Helpers</Filter>
    </ClInclude>
    <ClInclude Include="Validator.h">
      <Filter>Helpers</Filter>
    </ClInclude>
    <ClInclude Include="Permutations.h">
      <Filter>Solutions</Filter>
    </ClInclude>
    <ClInclude Include="ClimbingStairs.h">
      <Filter>Solutions</Filter>
    </ClInclude>
    <ClInclude Include="FibonacciNumber.h">
      <Filter>Solutions</Filter>
    </ClInclude>
    <ClInclude Include="LetterCasePermutation.h">
      <Filter>Solutions</Filter>
    </ClInclude>
    <ClInclude Include="NQueens.h">
      <Filter>Solutions</Filter>
    </ClInclude>
    <ClInclude Include="NQueens2.h">
      <Filter>Solutions</Filter>
    </ClInclude>
    <ClInclude Include="HouseRobber.h">
      <Filter>Solutions</Filter>
    </ClInclude>
    <ClInclude Include="LengthOfLastWord.h">
      <Filter>Solutions</Filter>
    </ClInclude>
    <ClInclude Include="MaximumScoreWordsFormedByLetters.h">
      <Filter>Solutions</Filter>
    </ClInclude>
    <ClInclude Include="NumberOf1Bits.h">
      <Filter>Solutions</Filter>
    </ClInclude>
    <ClInclude Include="PowerOfTwo.h">
      <Filter>Solutions</Filter>
    </ClInclude>
    <ClInclude Include="ReverseBits.h">
      <Filter>Solutions</Filter>
    </ClInclude>
    <ClInclude Include="ReverseVowelsOfAString.h">
      <Filter>Solutions</Filter>
    </ClInclude>
    <ClInclude Include="RingsAndRods.h">
      <Filter>Solutions</Filter>
    </ClInclude>
    <ClInclude Include="RomanToInteger.h">
      <Filter>Solutions</Filter>
    </ClInclude>
    <ClInclude Include="SingleNumber.h">
      <Filter>Solutions</Filter>
    </ClInclude>
    <ClInclude Include="Triangle.h">
      <Filter>Solutions</Filter>
    </ClInclude>
    <ClInclude Include="ValidParentheses.h">
      <Filter>Solutions</Filter>
    </ClInclude>
    <ClInclude Include="BestTimeToBuyAndSellStock.h">
      <Filter>Solutions</Filter>
    </ClInclude>
    <ClInclude Include="FindFirstAndLastPositionOfElementInSortedArray.h">
      <Filter>Solutions</Filter>
    </ClInclude>
    <ClInclude Include="SearchInRotatedSortedArray.h">
      <Filter>Solutions</Filter>
    </ClInclude>
    <ClInclude Include="TruncateSentence.h">
      <Filter>Solutions</Filter>
    </ClInclude>
    <ClInclude Include="BackspaceStringCompare.h">
      <Filter>Solutions</Filter>
    </ClInclude>
    <ClInclude Include="FindMinimumInRotatedSortedArray.h">
      <Filter>Solutions</Filter>
    </ClInclude>
    <ClInclude Include="FindPeakElement.h">
      <Filter>Solutions</Filter>
    </ClInclude>
    <ClInclude Include="HappyNumber.h">
      <Filter>Solutions</Filter>
    </ClInclude>
    <ClInclude Include="RemoveDuplicatesFromSortedList2.h">
      <Filter>Solutions</Filter>
    </ClInclude>
    <ClInclude Include="SearchA2dMatrix.h">
      <Filter>Solutions</Filter>
    </ClInclude>
    <ClInclude Include="Sum3.h">
      <Filter>Solutions</Filter>
    </ClInclude>
    <ClInclude Include="D1000000.h">
      <Filter>GoogleCodeJam</Filter>
    </ClInclude>
    <ClInclude Include="Printing3D.h">
      <Filter>GoogleCodeJam</Filter>
    </ClInclude>
    <ClInclude Include="PunchedCards.h">
      <Filter>GoogleCodeJam</Filter>
    </ClInclude>
    <ClInclude Include="Utils.h">
      <Filter>Helpers</Filter>
    </ClInclude>
    <ClInclude Include="AllPathsFromSourceToTarget.h">
      <Filter>Solutions</Filter>
    </ClInclude>
    <ClInclude Include="ContainerWithMostWater.h">
      <Filter>Solutions</Filter>
    </ClInclude>
    <ClInclude Include="DefangingAnIpAddress.h">
      <Filter>Solutions</Filter>
    </ClInclude>
    <ClInclude Include="FindAllAnagramsInAString.h">
      <Filter>Solutions</Filter>
    </ClInclude>
    <ClInclude Include="IntervalListIntersections.h">
      <Filter>Solutions</Filter>
    </ClInclude>
    <ClInclude Include="MinimumSizeSubarraySum.h">
      <Filter>Solutions</Filter>
    </ClInclude>
    <ClInclude Include="NumberOfIslands.h">
      <Filter>Solutions</Filter>
    </ClInclude>
    <ClInclude Include="NumberOfProvinces.h">
      <Filter>Solutions</Filter>
    </ClInclude>
    <ClInclude Include="PermutationsII.h">
      <Filter>Solutions</Filter>
    </ClInclude>
    <ClInclude Include="PopulatingNextRightPointersInEachNodeIi.h">
      <Filter>Solutions</Filter>
    </ClInclude>
    <ClInclude Include="RunningSumOf1dArray.h">
      <Filter>Solutions</Filter>
    </ClInclude>
    <ClInclude Include="ShortestPathInBinaryMatrix.h">
      <Filter>Solutions</Filter>
    </ClInclude>
    <ClInclude Include="SubarrayProductLessThanK.h">
      <Filter>Solutions</Filter>
    </ClInclude>
    <ClInclude Include="Subsets.h">
      <Filter>Solutions</Filter>
    </ClInclude>
    <ClInclude Include="SubsetsII.h">
      <Filter>Solutions</Filter>
    </ClInclude>
    <ClInclude Include="SubtreeOfAnotherTree.h">
      <Filter>Solutions</Filter>
    </ClInclude>
    <ClInclude Include="SurroundedRegions.h">
      <Filter>Solutions</Filter>
    </ClInclude>
    <ClInclude Include="ArticulatePoint.h">
      <Filter>Algs</Filter>
    </ClInclude>
    <ClInclude Include="LetterBlocks.h">
      <Filter>GoogleCodeJam</Filter>
    </ClInclude>
    <ClInclude Include="ArithmeticSlices.h">
      <Filter>Solutions</Filter>
    </ClInclude>
    <ClInclude Include="BitwiseAndOfNumbersRange.h">
      <Filter>Solutions</Filter>
    </ClInclude>
    <ClInclude Include="CoinChange.h">
      <Filter>Solutions</Filter>
    </ClInclude>
    <ClInclude Include="CombinationSum.h">
      <Filter>Solutions</Filter>
    </ClInclude>
    <ClInclude Include="CombinationSumII.h">
      <Filter>Solutions</Filter>
    </ClInclude>
    <ClInclude Include="DecodeWays.h">
      <Filter>Solutions</Filter>
    </ClInclude>
    <ClInclude Include="DeleteOperationForTwoStrings.h">
      <Filter>Solutions</Filter>
    </ClInclude>
    <ClInclude Include="DoubleorOneThing.h">
      <Filter>Solutions</Filter>
    </ClInclude>
    <ClInclude Include="EditDistance.h">
      <Filter>Solutions</Filter>
    </ClInclude>
    <ClInclude Include="FlattenNestedListIterator.h">
      <Filter>Solutions</Filter>
    </ClInclude>
    <ClInclude Include="GenerateParentheses.h">
      <Filter>Solutions</Filter>
    </ClInclude>
    <ClInclude Include="HouseRobberIi.h">
      <Filter>Solutions</Filter>
    </ClInclude>
    <ClInclude Include="IntegerBreak.h">
      <Filter>Solutions</Filter>
    </ClInclude>
    <ClInclude Include="JumpGame.h">
      <Filter>Solutions</Filter>
    </ClInclude>
    <ClInclude Include="JumpGameII.h">
      <Filter>Solutions</Filter>
    </ClInclude>
    <ClInclude Include="KClosestPointsToOrigin.h">
      <Filter>Solutions</Filter>
    </ClInclude>
    <ClInclude Include="LetterCombinationsOfAPhoneNumber.h">
      <Filter>Solutions</Filter>
    </ClInclude>
    <ClInclude Include="LongestCommonSubsequence.h">
      <Filter>Solutions</Filter>
    </ClInclude>
    <ClInclude Include="LongestIncreasingSubsequence.h">
      <Filter>Solutions</Filter>
    </ClInclude>
    <ClInclude Include="LongestPalindromicSubstring.h">
      <Filter>Solutions</Filter>
    </ClInclude>
    <ClInclude Include="MaximumSubarray.h">
      <Filter>Solutions</Filter>
    </ClInclude>
    <ClInclude Include="MaxNumberOfKSumPairs.h">
      <Filter>Solutions</Filter>
    </ClInclude>
    <ClInclude Include="MaxPointsOnALine.h">
      <Filter>Solutions</Filter>
    </ClInclude>
    <ClInclude Include="MinimumSumOfFourDigitNumberAfterSplittingDigits.h">
      <Filter>Solutions</Filter>
    </ClInclude>
    <ClInclude Include="NumberOfLongestIncreasingSubsequence.h">
      <Filter>Solutions</Filter>
    </ClInclude>
    <ClInclude Include="ShortestUnsortedContinuousSubarray.h">
      <Filter>Solutions</Filter>
    </ClInclude>
    <ClInclude Include="ShuffleAnArray.h">
      <Filter>Solutions</Filter>
    </ClInclude>
    <ClInclude Include="UniquePaths.h">
      <Filter>Solutions</Filter>
    </ClInclude>
    <ClInclude Include="WordBreak.h">
      <Filter>Solutions</Filter>
    </ClInclude>
    <ClInclude Include="WordSearch.h">
      <Filter>Solutions</Filter>
    </ClInclude>
    <ClInclude Include="LinkedListSupport.h">
      <Filter>Helpers</Filter>
    </ClInclude>
    <ClInclude Include="TreeSupport.h">
      <Filter>Helpers</Filter>
    </ClInclude>
    <ClInclude Include="UnionFind.h">
      <Filter>Algs</Filter>
    </ClInclude>
    <ClInclude Include="BinaryTreeCameras.h">
      <Filter>Solutions</Filter>
    </ClInclude>
    <ClInclude Include="BinaryTreeLevelOrderTraversal.h">
      <Filter>Solutions</Filter>
    </ClInclude>
    <ClInclude Include="BinaryTreePreorderTraversal.h">
      <Filter>Solutions</Filter>
    </ClInclude>
    <ClInclude Include="BinaryTreeRightSideView.h">
      <Filter>Solutions</Filter>
    </ClInclude>
    <ClInclude Include="Candy.h">
      <Filter>Solutions</Filter>
    </ClInclude>
    <ClInclude Include="ConstructBinaryTreeFromPreorderAndInorderTraversal.h">
      <Filter>Solutions</Filter>
    </ClInclude>
    <ClInclude Include="CourseScheduleIii.h">
      <Filter>Solutions</Filter>
    </ClInclude>
    <ClInclude Include="FirstUniqueCharacterInAString.h">
      <Filter>Solutions</Filter>
    </ClInclude>
    <ClInclude Include="FurthestBuildingYouCanReach.h">
      <Filter>Solutions</Filter>
    </ClInclude>
    <ClInclude Include="ImplementQueueUsingStacks.h">
      <Filter>Solutions</Filter>
    </ClInclude>
    <ClInclude Include="InterleavingString.h">
      <Filter>Solutions</Filter>
    </ClInclude>
    <ClInclude Include="IntersectionOfTwoArrays.h">
      <Filter>Solutions</Filter>
    </ClInclude>
    <ClInclude Include="IntersectionOfTwoArraysIi.h">
      <Filter>Solutions</Filter>
    </ClInclude>
    <ClInclude Include="IntersectionOfTwoLinkedLists.h">
      <Filter>Solutions</Filter>
    </ClInclude>
    <ClInclude Include="JumpGameVi.h">
      <Filter>Solutions</Filter>
    </ClInclude>
    <ClInclude Include="KthLargestElementInAnArray.h">
      <Filter>Solutions</Filter>
    </ClInclude>
    <ClInclude Include="LinkedListCycle.h">
      <Filter>Solutions</Filter>
    </ClInclude>
    <ClInclude Include="LinkedListCycleIi.h">
      <Filter>Solutions</Filter>
    </ClInclude>
    <ClInclude Include="LongestConsecutiveSequence.h">
      <Filter>Solutions</Filter>
    </ClInclude>
    <ClInclude Include="LongestStringChain.h">
      <Filter>Solutions</Filter>
    </ClInclude>
    <ClInclude Include="MatchsticksToSquare.h">
      <Filter>Solutions</Filter>
    </ClInclude>
    <ClInclude Include="MaximumAreaOfAPieceOfCakeAfterHorizontalAndVerticalCuts.h">
      <Filter>Solutions</Filter>
    </ClInclude>
    <ClInclude Include="MaximumErasureValue.h">
      <Filter>Solutions</Filter>
    </ClInclude>
    <ClInclude Include="MaximumPointsYouCanObtainFromCards.h">
      <Filter>Solutions</Filter>
    </ClInclude>
    <ClInclude Include="MaximumProductOfWordLengths.h">
      <Filter>Solutions</Filter>
    </ClInclude>
    <ClInclude Include="MaximumUnitsOnATruck.h">
      <Filter>Solutions</Filter>
    </ClInclude>
    <ClInclude Include="MergeSortedArray.h">
      <Filter>Solutions</Filter>
    </ClInclude>
    <ClInclude Include="MinCostClimbingStairs.h">
      <Filter>Solutions</Filter>
    </ClInclude>
    <ClInclude Include="MinimumDeletionsToMakeCharacterFrequenciesUnique.h">
      <Filter>Solutions</Filter>
    </ClInclude>
    <ClInclude Include="MinimumMovesToEqualArrayElementsIi.h">
      <Filter>Solutions</Filter>
    </ClInclude>
    <ClInclude Include="MinimumOperationsToReduceXToZero.h">
      <Filter>Solutions</Filter>
    </ClInclude>
    <ClInclude Include="MissingNumber.h">
      <Filter>Solutions</Filter>
    </ClInclude>
    <ClInclude Include="NonDecreasingArray.h">
      <Filter>Solutions</Filter>
    </ClInclude>
    <ClInclude Include="PascalsTriangle.h">
      <Filter>Solutions</Filter>
    </ClInclude>
    <ClInclude Include="PrefixAndSuffixSearch.h">
      <Filter>Solutions</Filter>
    </ClInclude>
    <ClInclude Include="QueueReconstructionByHeight.h">
      <Filter>Solutions</Filter>
    </ClInclude>
    <ClInclude Include="RemoveLinkedListElements.h">
      <Filter>Solutions</Filter>
    </ClInclude>
    <ClInclude Include="ReshapeTheMatrix.h">
      <Filter>Solutions</Filter>
    </ClInclude>
    <ClInclude Include="SearchSuggestionsSystem.h">
      <Filter>Solutions</Filter>
    </ClInclude>
    <ClInclude Include="ShortEncodingOfWords.h">
      <Filter>Solutions</Filter>
    </ClInclude>
    <ClInclude Include="SubstringWithLargestVariance.h">
      <Filter>Solutions</Filter>
    </ClInclude>
    <ClInclude Include="ValidAnagram.h">
      <Filter>Solutions</Filter>
    </ClInclude>
    <ClInclude Include="ValidSudoku.h">
      <Filter>Solutions</Filter>
    </ClInclude>
    <ClInclude Include="WiggleSubsequence.h">
      <Filter>Solutions</Filter>
    </ClInclude>
    <ClInclude Include="SegmentTree.h">
      <Filter>Algs</Filter>
    </ClInclude>
    <ClInclude Include="Tricks.h">
      <Filter>Algs</Filter>
    </ClInclude>
    <ClInclude Include="MaximumLengthOfAConcatenatedStringWithUniqueCharacters.h">
      <Filter>Solutions</Filter>
    </ClInclude>
    <ClInclude Include="CheckIfTwoStringArraysAreEquivalent.h">
      <Filter>Solutions</Filter>
    </ClInclude>
    <ClInclude Include="ContinuousSubarraySum.h">
      <Filter>Solutions</Filter>
    </ClInclude>
    <ClInclude Include="ImageOverlap.h">
      <Filter>Solutions</Filter>
    </ClInclude>
    <ClInclude Include="ShortestPathInAGridWithObstaclesElimination.h">
      <Filter>Solutions</Filter>
    </ClInclude>
    <ClInclude Include="ToeplitzMatrix.h">
      <Filter>Solutions</Filter>
    </ClInclude>
    <ClInclude Include="MinimumGeneticMutation.h">
      <Filter>Solutions</Filter>
    </ClInclude>
    <ClInclude Include="LongestPalindromeByConcatenatingTwoLetterWords.h">
      <Filter>Solutions</Filter>
    </ClInclude>
    <ClInclude Include="WordSearchII.h">
      <Filter>Solutions</Filter>
    </ClInclude>
    <ClInclude Include="TrieNode.h">
      <Filter>Algs</Filter>
    </ClInclude>
    <ClInclude Include="OrderlyQueue.h">
      <Filter>Solutions</Filter>
    </ClInclude>
    <ClInclude Include="AddOneRowToTree.h">
      <Filter>Solutions</Filter>
    </ClInclude>
    <ClInclude Include="AverageOfLevelsInBinaryTree.h">
      <Filter>Solutions</Filter>
    </ClInclude>
    <ClInclude Include="BagOfTokens.h">
      <Filter>Solutions</Filter>
    </ClInclude>
    <ClInclude Include="BestTimeToBuyAndSellStockIV.h">
      <Filter>Solutions</Filter>
    </ClInclude>
    <ClInclude Include="BinaryTreeInorderTraversal.h">
      <Filter>Solutions</Filter>
    </ClInclude>
    <ClInclude Include="BinaryTreePruning.h">
      <Filter>Solutions</Filter>
    </ClInclude>
    <ClInclude Include="BreakAPalindrome.h">
      <Filter>Solutions</Filter>
    </ClInclude>
    <ClInclude Include="CheckIfTheSentenceIsPangram.h">
      <Filter>Solutions</Filter>
    </ClInclude>
    <ClInclude Include="CombinationSumIV.h">
      <Filter>Solutions</Filter>
    </ClInclude>
    <ClInclude Include="ConstructStringFromBinaryTree.h">
      <Filter>Solutions</Filter>
    </ClInclude>
    <ClInclude Include="ContainsDuplicateII.h">
      <Filter>Solutions</Filter>
    </ClInclude>
    <ClInclude Include="ConvertSortedArrayToBinarySearchTree.h">
      <Filter>Solutions</Filter>
    </ClInclude>
    <ClInclude Include="CountAndSay.h">
      <Filter>Solutions</Filter>
    </ClInclude>
    <ClInclude Include="CountOfSmallerNumbersAfterSelf.h">
      <Filter>Solutions</Filter>
    </ClInclude>
    <ClInclude Include="CountVowelsPermutation.h">
      <Filter>Solutions</Filter>
    </ClInclude>
    <ClInclude Include="DeleteNodeInALinkedList.h">
      <Filter>Solutions</Filter>
    </ClInclude>
    <ClInclude Include="DeleteTheMiddleNodeOfALinkedList.h">
      <Filter>Solutions</Filter>
    </ClInclude>
    <ClInclude Include="FindAndReplacePattern.h">
      <Filter>Solutions</Filter>
    </ClInclude>
    <ClInclude Include="FindDuplicateFileInSystem.h">
      <Filter>Solutions</Filter>
    </ClInclude>
    <ClInclude Include="FindKClosestElements.h">
      <Filter>Solutions</Filter>
    </ClInclude>
    <ClInclude Include="FindOriginalArrayFromDoubledArray.h">
      <Filter>Solutions</Filter>
    </ClInclude>
    <ClInclude Include="FindTheDuplicateNumber.h">
      <Filter>Solutions</Filter>
    </ClInclude>
    <ClInclude Include="FlattenBinaryTreeToLinkedList.h">
      <Filter>Solutions</Filter>
    </ClInclude>
    <ClInclude Include="GroupAnagrams.h">
      <Filter>Solutions</Filter>
    </ClInclude>
    <ClInclude Include="IncreasingTripletSubsequence.h">
      <Filter>Solutions</Filter>
    </ClInclude>
    <ClInclude Include="IntegerToRoman.h">
      <Filter>Solutions</Filter>
    </ClInclude>
    <ClInclude Include="KthSmallestElementInASortedMatrix.h">
      <Filter>Solutions</Filter>
    </ClInclude>
    <ClInclude Include="LargestPerimeterTriangle.h">
      <Filter>Solutions</Filter>
    </ClInclude>
    <ClInclude Include="LowestCommonAncestorOfABinarySearchTree.h">
      <Filter>Solutions</Filter>
    </ClInclude>
    <ClInclude Include="LowestCommonAncestorOfABinaryTree.h">
      <Filter>Solutions</Filter>
    </ClInclude>
    <ClInclude Include="MaximumLengthOfRepeatedSubarray.h">
      <Filter>Solutions</Filter>
    </ClInclude>
    <ClInclude Include="MaximumPerformanceOfATeam.h">
      <Filter>Solutions</Filter>
    </ClInclude>
    <ClInclude Include="MaximumScoreFromPerformingMultiplicationOperations.h">
      <Filter>Solutions</Filter>
    </ClInclude>
    <ClInclude Include="MaxSumOfRectangleNoLargerThanK.h">
      <Filter>Solutions</Filter>
    </ClInclude>
    <ClInclude Include="MinimizeMaximumOfArray.h">
      <Filter>Solutions</Filter>
    </ClInclude>
    <ClInclude Include="MinimumNumberOfRefuelingStops.h">
      <Filter>Solutions</Filter>
    </ClInclude>
    <ClInclude Include="MinimumTimeToMakeRopeColorful.h">
      <Filter>Solutions</Filter>
    </ClInclude>
    <ClInclude Include="MinimumWindowSubstring.h">
      <Filter>Solutions</Filter>
    </ClInclude>
    <ClInclude Include="MirrorReflection.h">
      <Filter>Solutions</Filter>
    </ClInclude>
    <ClInclude Include="MyCalendarI.h">
      <Filter>Solutions</Filter>
    </ClInclude>
    <ClInclude Include="MyCalendarIII.h">
      <Filter>Solutions</Filter>
    </ClInclude>
    <ClInclude Include="NAryTreeLevelOrderTraversal.h">
      <Filter>Solutions</Filter>
    </ClInclude>
    <ClInclude Include="NodeSupport.h">
      <Filter>Solutions</Filter>
    </ClInclude>
    <ClInclude Include="NumberOfDiceRollsWithTargetSum.h">
      <Filter>Solutions</Filter>
    </ClInclude>
    <ClInclude Include="NumberOfMatchingSubsequences.h">
      <Filter>Solutions</Filter>
    </ClInclude>
    <ClInclude Include="NumbersWithSameConsecutiveDifferences.h">
      <Filter>Solutions</Filter>
    </ClInclude>
    <ClInclude Include="PacificAtlanticWaterFlow.h">
      <Filter>Solutions</Filter>
    </ClInclude>
    <ClInclude Include="PalindromeLinkedList.h">
      <Filter>Solutions</Filter>
    </ClInclude>
    <ClInclude Include="PalindromePairs.h">
      <Filter>Solutions</Filter>
    </ClInclude>
    <ClInclude Include="PartitionList.h">
      <Filter>Solutions</Filter>
    </ClInclude>
    <ClInclude Include="PathSum.h">
      <Filter>Solutions</Filter>
    </ClInclude>
    <ClInclude Include="PathSumII.h">
      <Filter>Solutions</Filter>
    </ClInclude>
    <ClInclude Include="PowerOfFour.h">
      <Filter>Solutions</Filter>
    </ClInclude>
    <ClInclude Include="PowerOfThree.h">
      <Filter>Solutions</Filter>
    </ClInclude>
    <ClInclude Include="PushDominoes.h">
      <Filter>Solutions</Filter>
    </ClInclude>
    <ClInclude Include="RangeSumQueryMutable.h">
      <Filter>Solutions</Filter>
    </ClInclude>
    <ClInclude Include="ReduceArraySizeToTheHalf.h">
      <Filter>Solutions</Filter>
    </ClInclude>
    <ClInclude Include="ReorderedPowerOf2.h">
      <Filter>Solutions</Filter>
    </ClInclude>
    <ClInclude Include="ReverseLinkedListII.h">
      <Filter>Solutions</Filter>
    </ClInclude>
    <ClInclude Include="RotateImage.h">
      <Filter>Solutions</Filter>
    </ClInclude>
    <ClInclude Include="SatisfiabilityOfEqualityEquations.h">
      <Filter>Solutions</Filter>
    </ClInclude>
    <ClInclude Include="SearchA2dMatrixII.h">
      <Filter>Solutions</Filter>
    </ClInclude>
    <ClInclude Include="SetMismatch.h">
      <Filter>Solutions</Filter>
    </ClInclude>
    <ClInclude Include="SortTheMatrixDiagonally.h">
      <Filter>Solutions</Filter>
    </ClInclude>
    <ClInclude Include="SplitArrayIntoConsecutiveSubsequences.h">
      <Filter>Solutions</Filter>
    </ClInclude>
    <ClInclude Include="StampingTheSequence.h">
      <Filter>Solutions</Filter>
    </ClInclude>
    <ClInclude Include="SubstringWithConcatenationOfAllWords.h">
      <Filter>Solutions</Filter>
    </ClInclude>
    <ClInclude Include="sumClosest3.h">
      <Filter>Solutions</Filter>
    </ClInclude>
    <ClInclude Include="SumOfEvenNumbersAfterQueries.h">
      <Filter>Solutions</Filter>
    </ClInclude>
    <ClInclude Include="TheNumberOfWeakCharactersInTheGame.h">
      <Filter>Solutions</Filter>
    </ClInclude>
    <ClInclude Include="TimeBasedKeyValueStore.h">
      <Filter>Solutions</Filter>
    </ClInclude>
    <ClInclude Include="TopKFrequentWords.h">
      <Filter>Solutions</Filter>
    </ClInclude>
    <ClInclude Include="TrappingRainWater.h">
      <Filter>Solutions</Filter>
    </ClInclude>
    <ClInclude Include="TwoSumIvInputIsABst.h">
      <Filter>Solutions</Filter>
    </ClInclude>
    <ClInclude Include="UniqueMorseCodeWords.h">
      <Filter>Solutions</Filter>
    </ClInclude>
    <ClInclude Include="Utf8Validation.h">
      <Filter>Solutions</Filter>
    </ClInclude>
    <ClInclude Include="WordSubsets.h">
      <Filter>Solutions</Filter>
    </ClInclude>
    <ClInclude Include="Maximum69Number.h">
      <Filter>Solutions</Filter>
    </ClInclude>
    <ClInclude Include="MakeTheStringGreat.h">
      <Filter>Solutions</Filter>
    </ClInclude>
    <ClInclude Include="OnlineStockSpan.h">
      <Filter>Solutions</Filter>
    </ClInclude>
    <ClInclude Include="RemoveAllAdjacentDuplicatesInString.h">
      <Filter>Solutions</Filter>
    </ClInclude>
    <ClInclude Include="RemoveDuplicatesFromSortedArray.h">
      <Filter>Solutions</Filter>
    </ClInclude>
    <ClInclude Include="MostStonesRemovedWithSameRowOrColumn.h">
      <Filter>Solutions</Filter>
    </ClInclude>
    <ClInclude Include="CountCompleteTreeNodes.h">
      <Filter>Solutions</Filter>
    </ClInclude>
    <ClInclude Include="ReverseWordsInAString.h">
      <Filter>Solutions</Filter>
    </ClInclude>
    <ClInclude Include="ValidPalindrome.h">
      <Filter>Solutions</Filter>
    </ClInclude>
    <ClInclude Include="GuessNumberHigherOrLower.h">
      <Filter>Solutions</Filter>
    </ClInclude>
    <ClInclude Include="RectangleArea.h">
      <Filter>Solutions</Filter>
    </ClInclude>
    <ClInclude Include="UglyNumber.h">
      <Filter>Solutions</Filter>
    </ClInclude>
    <ClInclude Include="ErectTheFence.h">
      <Filter>Solutions</Filter>
    </ClInclude>
    <ClInclude Include="BasicCalculator.h">
      <Filter>Solutions</Filter>
    </ClInclude>
    <ClInclude Include="NearestExitFromEntranceInMaze.h">
      <Filter>Solutions</Filter>
    </ClInclude>
    <ClInclude Include="PerfectSquares.h">
      <Filter>Solutions</Filter>
    </ClInclude>
    <ClInclude Include="SumOfSubarrayMinimums.h">
      <Filter>Solutions</Filter>
    </ClInclude>
    <ClInclude Include="MaximumProfitInJobScheduling.h">
      <Filter>Solutions</Filter>
    </ClInclude>
    <ClInclude Include="ArithmeticSlicesIiSubsequence.h">
      <Filter>Solutions</Filter>
    </ClInclude>
    <ClInclude Include="FindPlayersWithZeroOrOneLosses.h">
      <Filter>Solutions</Filter>
    </ClInclude>
    <ClInclude Include="InsertDeleteGetrandomO1.h">
      <Filter>Solutions</Filter>
    </ClInclude>
    <ClInclude Include="UniqueNumberOfOccurrences.h">
      <Filter>Solutions</Filter>
    </ClInclude>
    <ClInclude Include="DetermineIfStringHalvesAreAlike.h">
      <Filter>Solutions</Filter>
    </ClInclude>
    <ClInclude Include="DetermineIfTwoStringsAreClose.h">
      <Filter>Solutions</Filter>
    </ClInclude>
    <ClInclude Include="SortCharactersByFrequency.h">
      <Filter>Solutions</Filter>
    </ClInclude>
    <ClInclude Include="MinimumAverageDifference.h">
      <Filter>Solutions</Filter>
    </ClInclude>
    <ClInclude Include="OddEvenLinkedList.h">
      <Filter>Solutions</Filter>
    </ClInclude>
    <ClInclude Include="TopKFrequentElements.h">
      <Filter>Solutions</Filter>
    </ClInclude>
    <ClInclude Include="RangeSumOfBst.h">
      <Filter>Solutions</Filter>
    </ClInclude>
    <ClInclude Include="LeafSimilarTrees.h">
      <Filter>Solutions</Filter>
    </ClInclude>
    <ClInclude Include="MaximumDifferenceBetweenNodeAndAncestor.h">
      <Filter>Solutions</Filter>
    </ClInclude>
    <ClInclude Include="MaximumProductOfSplittedBinaryTree.h">
      <Filter>Solutions</Filter>
    </ClInclude>
    <ClInclude Include="BinaryTreeMaximumPathSum.h">
      <Filter>Solutions</Filter>
    </ClInclude>
    <ClInclude Include="MinimumFallingPathSum.h">
      <Filter>Solutions</Filter>
    </ClInclude>
    <ClInclude Include="EvaluateReversePolishNotation.h">
      <Filter>Solutions</Filter>
    </ClInclude>
    <ClInclude Include="DailyTemperatures.h">
      <Filter>Solutions</Filter>
    </ClInclude>
    <ClInclude Include="FindIfPathExistsInGraph.h">
      <Filter>Solutions</Filter>
    </ClInclude>
    <ClInclude Include="KeysAndRooms.h">
      <Filter>Solutions</Filter>
    </ClInclude>
    <ClInclude Include="PossibleBipartition.h">
      <Filter>Solutions</Filter>
    </ClInclude>
    <ClInclude Include="SumOfDistancesInTree.h">
      <Filter>Solutions</Filter>
    </ClInclude>
    <ClInclude Include="BestTimeToBuyAndSellStockWithCooldown.h">
      <Filter>Solutions</Filter>
    </ClInclude>
    <ClInclude Include="DominoAndTrominoTiling.h">
      <Filter>Solutions</Filter>
    </ClInclude>
    <ClInclude Include="LongestSubsequenceWithLimitedSum.h">
      <Filter>Solutions</Filter>
    </ClInclude>
    <ClInclude Include="MaximumBagsWithFullCapacityOfRocks.h">
      <Filter>Solutions</Filter>
    </ClInclude>
    <ClInclude Include="RemoveStonesToMinimizeTheTotal.h">
      <Filter>Solutions</Filter>
    </ClInclude>
    <ClInclude Include="SingleThreadedCpu.h">
      <Filter>Solutions</Filter>
    </ClInclude>
    <ClInclude Include="UniquePathsIII.h">
      <Filter>Solutions</Filter>
    </ClInclude>
    <ClInclude Include="WordPattern.h">
      <Filter>Solutions</Filter>
    </ClInclude>
    <ClInclude Include="DetectCapital.h">
      <Filter>Solutions</Filter>
    </ClInclude>
    <ClInclude Include="DeleteColumnsToMakeSorted.h">
      <Filter>Solutions</Filter>
    </ClInclude>
    <ClInclude Include="MinimumRoundsToCompleteAllTasks.h">
      <Filter>Solutions</Filter>
    </ClInclude>
    <ClInclude Include="SymmetricTree.h">
      <Filter>Solutions</Filter>
    </ClInclude>
    <ClInclude Include="BinaryTreePostorderTraversal.h">
      <Filter>Solutions</Filter>
    </ClInclude>
    <ClInclude Include="RemoveDuplicatesFromSortedList.h">
      <Filter>Solutions</Filter>
    </ClInclude>
    <ClInclude Include="MinimumNumberOfArrowsToBurstBalloons.h">
      <Filter>Solutions</Filter>
    </ClInclude>
    <ClInclude Include="InvertBinaryTree.h">
      <Filter>Solutions</Filter>
    </ClInclude>
    <ClInclude Include="MaximumIceCreamBars.h">
      <Filter>Solutions</Filter>
    </ClInclude>
    <ClInclude Include="SearchInABinarySearchTree.h">
      <Filter>Solutions</Filter>
    </ClInclude>
    <ClInclude Include="InsertIntoABinarySearchTree.h">
      <Filter>Solutions</Filter>
    </ClInclude>
    <ClInclude Include="ValidateBinarySearchTree.h">
      <Filter>Solutions</Filter>
    </ClInclude>
    <ClInclude Include="GasStation.h">
      <Filter>Solutions</Filter>
    </ClInclude>
    <ClInclude Include="SameTree.h" />
    <ClInclude Include="MinimumTimeToCollectAllApplesInATree.h">
      <Filter>Solutions</Filter>
    </ClInclude>
    <ClInclude Include="NumberOfNodesInTheSubTreeWithTheSameLabel.h">
      <Filter>Solutions</Filter>
    </ClInclude>
  </ItemGroup>
  <ItemGroup>
    <Text Include="output.txt" />
    <Text Include="input.txt" />
  </ItemGroup>
</Project>